
Microsoft Visual Studio Solution File, Format Version 12.00
# Visual Studio 15
VisualStudioVersion = 15.0.28307.902
MinimumVisualStudioVersion = 10.0.40219.1
Project("{F184B08F-C81C-45F6-A57F-5ABD9991F28F}") = "ClipboardHistory", "WindowsApplication1\ClipboardHistory.vbproj", "{55D58315-3DD5-4883-BC73-2B0B82DDE1BF}"
EndProject
Project("{8BC9CEB8-8B4A-11D0-8D11-00A0C91BC942}") = "CppCLR_WinformsProjekt1", "CppCLR_WinformsProjekt1\CppCLR_WinformsProjekt1.vcxproj", "{DCC3C859-EFDC-4E4E-A41E-E8D2E51184F5}"
EndProject
Global
	GlobalSection(SolutionConfigurationPlatforms) = preSolution
		Debug|Any CPU = Debug|Any CPU
		Debug|x64 = Debug|x64
		Debug|x86 = Debug|x86
		Release|Any CPU = Release|Any CPU
		Release|x64 = Release|x64
		Release|x86 = Release|x86
	EndGlobalSection
	GlobalSection(ProjectConfigurationPlatforms) = postSolution
		{55D58315-3DD5-4883-BC73-2B0B82DDE1BF}.Debug|Any CPU.ActiveCfg = Debug|Any CPU
		{55D58315-3DD5-4883-BC73-2B0B82DDE1BF}.Debug|Any CPU.Build.0 = Debug|Any CPU
		{55D58315-3DD5-4883-BC73-2B0B82DDE1BF}.Debug|x64.ActiveCfg = Debug|x64
		{55D58315-3DD5-4883-BC73-2B0B82DDE1BF}.Debug|x64.Build.0 = Debug|x64
		{55D58315-3DD5-4883-BC73-2B0B82DDE1BF}.Debug|x86.ActiveCfg = Debug|x86
		{55D58315-3DD5-4883-BC73-2B0B82DDE1BF}.Debug|x86.Build.0 = Debug|x86
		{55D58315-3DD5-4883-BC73-2B0B82DDE1BF}.Release|Any CPU.ActiveCfg = Release|Any CPU
		{55D58315-3DD5-4883-BC73-2B0B82DDE1BF}.Release|Any CPU.Build.0 = Release|Any CPU
		{55D58315-3DD5-4883-BC73-2B0B82DDE1BF}.Release|x64.ActiveCfg = Release|x64
		{55D58315-3DD5-4883-BC73-2B0B82DDE1BF}.Release|x64.Build.0 = Release|x64
		{55D58315-3DD5-4883-BC73-2B0B82DDE1BF}.Release|x86.ActiveCfg = Release|x86
		{55D58315-3DD5-4883-BC73-2B0B82DDE1BF}.Release|x86.Build.0 = Release|x86
		{DCC3C859-EFDC-4E4E-A41E-E8D2E51184F5}.Debug|Any CPU.ActiveCfg = Debug|Win32
		{DCC3C859-EFDC-4E4E-A41E-E8D2E51184F5}.Debug|x64.ActiveCfg = Debug|x64
		{DCC3C859-EFDC-4E4E-A41E-E8D2E51184F5}.Debug|x64.Build.0 = Debug|x64
		{DCC3C859-EFDC-4E4E-A41E-E8D2E51184F5}.Debug|x86.ActiveCfg = Debug|Win32
		{DCC3C859-EFDC-4E4E-A41E-E8D2E51184F5}.Debug|x86.Build.0 = Debug|Win32
		{DCC3C859-EFDC-4E4E-A41E-E8D2E51184F5}.Release|Any CPU.ActiveCfg = Release|Win32
		{DCC3C859-EFDC-4E4E-A41E-E8D2E51184F5}.Release|x64.ActiveCfg = Release|x64
		{DCC3C859-EFDC-4E4E-A41E-E8D2E51184F5}.Release|x64.Build.0 = Release|x64
		{DCC3C859-EFDC-4E4E-A41E-E8D2E51184F5}.Release|x86.ActiveCfg = Release|Win32
		{DCC3C859-EFDC-4E4E-A41E-E8D2E51184F5}.Release|x86.Build.0 = Release|Win32
	EndGlobalSection
	GlobalSection(SolutionProperties) = preSolution
		HideSolutionNode = FALSE
	EndGlobalSection
	GlobalSection(ExtensibilityGlobals) = postSolution
		SolutionGuid = {7120350C-02FB-4F41-85F1-AFFEF9610CEC}
	EndGlobalSection
EndGlobal
